
Microsoft Visual Studio Solution File, Format Version 12.00
Project("{FAE04EC0-301F-11D3-BF4B-00C04F79EFBC}") = "NativeCollection", "NativeCollection\NativeCollection.csproj", "{905BB42C-1200-4233-9236-B83E966E29B7}"
EndProject
Global
	GlobalSection(SolutionConfigurationPlatforms) = preSolution
		Debug|Any CPU = Debug|Any CPU
		Release|Any CPU = Release|Any CPU
	EndGlobalSection
	GlobalSection(ProjectConfigurationPlatforms) = postSolution
		{905BB42C-1200-4233-9236-B83E966E29B7}.Debug|Any CPU.ActiveCfg = Debug|Any CPU
		{905BB42C-1200-4233-9236-B83E966E29B7}.Debug|Any CPU.Build.0 = Debug|Any CPU
		{905BB42C-1200-4233-9236-B83E966E29B7}.Release|Any CPU.ActiveCfg = Release|Any CPU
		{905BB42C-1200-4233-9236-B83E966E29B7}.Release|Any CPU.Build.0 = Release|Any CPU
	EndGlobalSection
EndGlobal
